
Microsoft Visual Studio Solution File, Format Version 12.00
# Visual Studio 2013
VisualStudioVersion = 12.0.21005.1
MinimumVisualStudioVersion = 10.0.40219.1
Project("{FAE04EC0-301F-11D3-BF4B-00C04F79EFBC}") = "Stock", "Semantics\Stock.csproj", "{E980D556-48A5-4C2E-A76C-C40D29A3031C}"
EndProject
Global
	GlobalSection(SolutionConfigurationPlatforms) = preSolution
		Debug|Any CPU = Debug|Any CPU
		Debug|x86 = Debug|x86
		Release|Any CPU = Release|Any CPU
		Release|x86 = Release|x86
	EndGlobalSection
	GlobalSection(ProjectConfigurationPlatforms) = postSolution
		{E980D556-48A5-4C2E-A76C-C40D29A3031C}.Debug|Any CPU.ActiveCfg = Debug|Any CPU
		{E980D556-48A5-4C2E-A76C-C40D29A3031C}.Debug|Any CPU.Build.0 = Debug|Any CPU
		{E980D556-48A5-4C2E-A76C-C40D29A3031C}.Debug|x86.ActiveCfg = Debug|x86
		{E980D556-48A5-4C2E-A76C-C40D29A3031C}.Debug|x86.Build.0 = Debug|x86
		{E980D556-48A5-4C2E-A76C-C40D29A3031C}.Release|Any CPU.ActiveCfg = Release|Any CPU
		{E980D556-48A5-4C2E-A76C-C40D29A3031C}.Release|Any CPU.Build.0 = Release|Any CPU
		{E980D556-48A5-4C2E-A76C-C40D29A3031C}.Release|x86.ActiveCfg = Release|x86
		{E980D556-48A5-4C2E-A76C-C40D29A3031C}.Release|x86.Build.0 = Release|x86
	EndGlobalSection
	GlobalSection(SolutionProperties) = preSolution
		HideSolutionNode = FALSE
	EndGlobalSection
	GlobalSection(ExtensibilityGlobals) = postSolution
		VisualSVNWorkingCopyRoot = .
	EndGlobalSection
EndGlobal
